
Microsoft Visual Studio Solution File, Format Version 12.00
# Visual Studio Version 16
VisualStudioVersion = 16.0.32228.343
MinimumVisualStudioVersion = 10.0.40219.1
Project("{FAE04EC0-301F-11D3-BF4B-00C04F79EFBC}") = "FunctionsReturnAndEraisFromFile", "FunctionsReturnAndEraisFromFile\FunctionsReturnAndEraisFromFile.csproj", "{96F43788-DF62-4EF1-8162-B15F0A31E8E4}"
EndProject
Project("{FAE04EC0-301F-11D3-BF4B-00C04F79EFBC}") = "FridayNightRandom", "FridayNightRandom\FridayNightRandom.csproj", "{615D703A-5C09-40AA-AF5C-11489E38A4F6}"
EndProject
Project("{FAE04EC0-301F-11D3-BF4B-00C04F79EFBC}") = "FridayNightRandomReturn", "FridayNightRandomReturn\FridayNightRandomReturn.csproj", "{6DC5EE9E-F619-40A8-891A-10A943F516B0}"
EndProject
Project("{FAE04EC0-301F-11D3-BF4B-00C04F79EFBC}") = "PickRandomFromFile", "PickRandomFromFile\PickRandomFromFile.csproj", "{77E0060D-235F-4419-AEE4-782A4FC5B076}"
EndProject
Project("{FAE04EC0-301F-11D3-BF4B-00C04F79EFBC}") = "ChuckNorris", "ChuckNorris\ChuckNorris.csproj", "{95FC8D5D-0139-4C4A-9F88-5584DDF87BEB}"
EndProject
Global
	GlobalSection(SolutionConfigurationPlatforms) = preSolution
		Debug|Any CPU = Debug|Any CPU
		Release|Any CPU = Release|Any CPU
	EndGlobalSection
	GlobalSection(ProjectConfigurationPlatforms) = postSolution
		{96F43788-DF62-4EF1-8162-B15F0A31E8E4}.Debug|Any CPU.ActiveCfg = Debug|Any CPU
		{96F43788-DF62-4EF1-8162-B15F0A31E8E4}.Debug|Any CPU.Build.0 = Debug|Any CPU
		{96F43788-DF62-4EF1-8162-B15F0A31E8E4}.Release|Any CPU.ActiveCfg = Release|Any CPU
		{96F43788-DF62-4EF1-8162-B15F0A31E8E4}.Release|Any CPU.Build.0 = Release|Any CPU
		{615D703A-5C09-40AA-AF5C-11489E38A4F6}.Debug|Any CPU.ActiveCfg = Debug|Any CPU
		{615D703A-5C09-40AA-AF5C-11489E38A4F6}.Debug|Any CPU.Build.0 = Debug|Any CPU
		{615D703A-5C09-40AA-AF5C-11489E38A4F6}.Release|Any CPU.ActiveCfg = Release|Any CPU
		{615D703A-5C09-40AA-AF5C-11489E38A4F6}.Release|Any CPU.Build.0 = Release|Any CPU
		{6DC5EE9E-F619-40A8-891A-10A943F516B0}.Debug|Any CPU.ActiveCfg = Debug|Any CPU
		{6DC5EE9E-F619-40A8-891A-10A943F516B0}.Debug|Any CPU.Build.0 = Debug|Any CPU
		{6DC5EE9E-F619-40A8-891A-10A943F516B0}.Release|Any CPU.ActiveCfg = Release|Any CPU
		{6DC5EE9E-F619-40A8-891A-10A943F516B0}.Release|Any CPU.Build.0 = Release|Any CPU
		{77E0060D-235F-4419-AEE4-782A4FC5B076}.Debug|Any CPU.ActiveCfg = Debug|Any CPU
		{77E0060D-235F-4419-AEE4-782A4FC5B076}.Debug|Any CPU.Build.0 = Debug|Any CPU
		{77E0060D-235F-4419-AEE4-782A4FC5B076}.Release|Any CPU.ActiveCfg = Release|Any CPU
		{77E0060D-235F-4419-AEE4-782A4FC5B076}.Release|Any CPU.Build.0 = Release|Any CPU
		{95FC8D5D-0139-4C4A-9F88-5584DDF87BEB}.Debug|Any CPU.ActiveCfg = Debug|Any CPU
		{95FC8D5D-0139-4C4A-9F88-5584DDF87BEB}.Debug|Any CPU.Build.0 = Debug|Any CPU
		{95FC8D5D-0139-4C4A-9F88-5584DDF87BEB}.Release|Any CPU.ActiveCfg = Release|Any CPU
		{95FC8D5D-0139-4C4A-9F88-5584DDF87BEB}.Release|Any CPU.Build.0 = Release|Any CPU
	EndGlobalSection
	GlobalSection(SolutionProperties) = preSolution
		HideSolutionNode = FALSE
	EndGlobalSection
	GlobalSection(ExtensibilityGlobals) = postSolution
		SolutionGuid = {04223A41-6F03-4B04-B66F-99D065BEF122}
	EndGlobalSection
EndGlobal
